
Microsoft Visual Studio Solution File, Format Version 12.00
# Visual Studio 2012
Project("{FAE04EC0-301F-11D3-BF4B-00C04F79EFBC}") = "TreeViz", "TreeViz\TreeViz.csproj", "{0CA52BAC-C3E3-4F4D-8E18-453B357BA1C6}"
EndProject
Project("{FAE04EC0-301F-11D3-BF4B-00C04F79EFBC}") = "ExecutionEngine", "ExecutionEngine\ExecutionEngine.csproj", "{C71A59F6-F42C-4A00-A1E3-2CAE67C319EA}"
EndProject
Project("{FAE04EC0-301F-11D3-BF4B-00C04F79EFBC}") = "TreeLib", "TreeLib\TreeLib.csproj", "{3786DBA5-4761-425D-A606-678802318AA3}"
EndProject
Project("{FAE04EC0-301F-11D3-BF4B-00C04F79EFBC}") = "SlnViz", "SlnViz\SlnViz.csproj", "{79B4D966-38F4-40CC-830B-4459E1935A63}"
EndProject
Project("{FAE04EC0-301F-11D3-BF4B-00C04F79EFBC}") = "GridSplitter", "..\EquationEditor\GridSplitter\GridSplitter.csproj", "{4B9E3965-90A1-4468-BF94-5972C417FF52}"
EndProject
Project("{FAE04EC0-301F-11D3-BF4B-00C04F79EFBC}") = "Session.WEB", "Session.WEB\Session.WEB.csproj", "{0D6007C3-680F-4489-AB20-FF9F35F9C61A}"
EndProject
Project("{FAE04EC0-301F-11D3-BF4B-00C04F79EFBC}") = "SessionHelper", "SessionHelper\SessionHelper.csproj", "{D467A622-5130-4918-84F1-97510793EBBE}"
EndProject
Global
	GlobalSection(SolutionConfigurationPlatforms) = preSolution
		Debug|Any CPU = Debug|Any CPU
		Release|Any CPU = Release|Any CPU
	EndGlobalSection
	GlobalSection(ProjectConfigurationPlatforms) = postSolution
		{0CA52BAC-C3E3-4F4D-8E18-453B357BA1C6}.Debug|Any CPU.ActiveCfg = Debug|Any CPU
		{0CA52BAC-C3E3-4F4D-8E18-453B357BA1C6}.Debug|Any CPU.Build.0 = Debug|Any CPU
		{0CA52BAC-C3E3-4F4D-8E18-453B357BA1C6}.Release|Any CPU.ActiveCfg = Release|Any CPU
		{0CA52BAC-C3E3-4F4D-8E18-453B357BA1C6}.Release|Any CPU.Build.0 = Release|Any CPU
		{C71A59F6-F42C-4A00-A1E3-2CAE67C319EA}.Debug|Any CPU.ActiveCfg = Debug|Any CPU
		{C71A59F6-F42C-4A00-A1E3-2CAE67C319EA}.Debug|Any CPU.Build.0 = Debug|Any CPU
		{C71A59F6-F42C-4A00-A1E3-2CAE67C319EA}.Release|Any CPU.ActiveCfg = Release|Any CPU
		{C71A59F6-F42C-4A00-A1E3-2CAE67C319EA}.Release|Any CPU.Build.0 = Release|Any CPU
		{3786DBA5-4761-425D-A606-678802318AA3}.Debug|Any CPU.ActiveCfg = Debug|Any CPU
		{3786DBA5-4761-425D-A606-678802318AA3}.Debug|Any CPU.Build.0 = Debug|Any CPU
		{3786DBA5-4761-425D-A606-678802318AA3}.Release|Any CPU.ActiveCfg = Release|Any CPU
		{3786DBA5-4761-425D-A606-678802318AA3}.Release|Any CPU.Build.0 = Release|Any CPU
		{79B4D966-38F4-40CC-830B-4459E1935A63}.Debug|Any CPU.ActiveCfg = Debug|Any CPU
		{79B4D966-38F4-40CC-830B-4459E1935A63}.Debug|Any CPU.Build.0 = Debug|Any CPU
		{79B4D966-38F4-40CC-830B-4459E1935A63}.Release|Any CPU.ActiveCfg = Release|Any CPU
		{79B4D966-38F4-40CC-830B-4459E1935A63}.Release|Any CPU.Build.0 = Release|Any CPU
		{4B9E3965-90A1-4468-BF94-5972C417FF52}.Debug|Any CPU.ActiveCfg = Debug|Any CPU
		{4B9E3965-90A1-4468-BF94-5972C417FF52}.Debug|Any CPU.Build.0 = Debug|Any CPU
		{4B9E3965-90A1-4468-BF94-5972C417FF52}.Release|Any CPU.ActiveCfg = Release|Any CPU
		{4B9E3965-90A1-4468-BF94-5972C417FF52}.Release|Any CPU.Build.0 = Release|Any CPU
		{0D6007C3-680F-4489-AB20-FF9F35F9C61A}.Debug|Any CPU.ActiveCfg = Debug|Any CPU
		{0D6007C3-680F-4489-AB20-FF9F35F9C61A}.Debug|Any CPU.Build.0 = Debug|Any CPU
		{0D6007C3-680F-4489-AB20-FF9F35F9C61A}.Release|Any CPU.ActiveCfg = Release|Any CPU
		{0D6007C3-680F-4489-AB20-FF9F35F9C61A}.Release|Any CPU.Build.0 = Release|Any CPU
		{D467A622-5130-4918-84F1-97510793EBBE}.Debug|Any CPU.ActiveCfg = Debug|Any CPU
		{D467A622-5130-4918-84F1-97510793EBBE}.Debug|Any CPU.Build.0 = Debug|Any CPU
		{D467A622-5130-4918-84F1-97510793EBBE}.Release|Any CPU.ActiveCfg = Release|Any CPU
		{D467A622-5130-4918-84F1-97510793EBBE}.Release|Any CPU.Build.0 = Release|Any CPU
	EndGlobalSection
	GlobalSection(SolutionProperties) = preSolution
		HideSolutionNode = FALSE
	EndGlobalSection
EndGlobal
