
Microsoft Visual Studio Solution File, Format Version 12.00
# Visual Studio 2012
Project("{FAE04EC0-301F-11D3-BF4B-00C04F79EFBC}") = "TreeViz", "TreeViz\TreeViz.csproj", "{0CA52BAC-C3E3-4F4D-8E18-453B357BA1C6}"
EndProject
Project("{FAE04EC0-301F-11D3-BF4B-00C04F79EFBC}") = "ExecutionEngine", "ExecutionEngine\ExecutionEngine.csproj", "{C71A59F6-F42C-4A00-A1E3-2CAE67C319EA}"
EndProject
Project("{FAE04EC0-301F-11D3-BF4B-00C04F79EFBC}") = "TreeLib", "TreeLib\TreeLib.csproj", "{3786DBA5-4761-425D-A606-678802318AA3}"
EndProject
Global
	GlobalSection(SolutionConfigurationPlatforms) = preSolution
		Debug|Any CPU = Debug|Any CPU
		Release|Any CPU = Release|Any CPU
	EndGlobalSection
	GlobalSection(ProjectConfigurationPlatforms) = postSolution
		{0CA52BAC-C3E3-4F4D-8E18-453B357BA1C6}.Debug|Any CPU.ActiveCfg = Debug|Any CPU
		{0CA52BAC-C3E3-4F4D-8E18-453B357BA1C6}.Debug|Any CPU.Build.0 = Debug|Any CPU
		{0CA52BAC-C3E3-4F4D-8E18-453B357BA1C6}.Release|Any CPU.ActiveCfg = Release|Any CPU
		{0CA52BAC-C3E3-4F4D-8E18-453B357BA1C6}.Release|Any CPU.Build.0 = Release|Any CPU
		{C71A59F6-F42C-4A00-A1E3-2CAE67C319EA}.Debug|Any CPU.ActiveCfg = Debug|Any CPU
		{C71A59F6-F42C-4A00-A1E3-2CAE67C319EA}.Debug|Any CPU.Build.0 = Debug|Any CPU
		{C71A59F6-F42C-4A00-A1E3-2CAE67C319EA}.Release|Any CPU.ActiveCfg = Release|Any CPU
		{C71A59F6-F42C-4A00-A1E3-2CAE67C319EA}.Release|Any CPU.Build.0 = Release|Any CPU
		{3786DBA5-4761-425D-A606-678802318AA3}.Debug|Any CPU.ActiveCfg = Debug|Any CPU
		{3786DBA5-4761-425D-A606-678802318AA3}.Debug|Any CPU.Build.0 = Debug|Any CPU
		{3786DBA5-4761-425D-A606-678802318AA3}.Release|Any CPU.ActiveCfg = Release|Any CPU
		{3786DBA5-4761-425D-A606-678802318AA3}.Release|Any CPU.Build.0 = Release|Any CPU
	EndGlobalSection
	GlobalSection(SolutionProperties) = preSolution
		HideSolutionNode = FALSE
	EndGlobalSection
EndGlobal
